
Microsoft Visual Studio Solution File, Format Version 12.00
# Visual Studio 15
VisualStudioVersion = 15.0.28010.2026
MinimumVisualStudioVersion = 10.0.40219.1
Project("{FAE04EC0-301F-11D3-BF4B-00C04F79EFBC}") = "RabbitMQTest", "RabbitMQTest\RabbitMQTest.csproj", "{247C3E3F-5F5B-48F5-9C4E-D129A40CE520}"
EndProject
Global
	GlobalSection(SolutionConfigurationPlatforms) = preSolution
		Debug|Any CPU = Debug|Any CPU
		Release|Any CPU = Release|Any CPU
	EndGlobalSection
	GlobalSection(ProjectConfigurationPlatforms) = postSolution
		{247C3E3F-5F5B-48F5-9C4E-D129A40CE520}.Debug|Any CPU.ActiveCfg = Debug|Any CPU
		{247C3E3F-5F5B-48F5-9C4E-D129A40CE520}.Debug|Any CPU.Build.0 = Debug|Any CPU
		{247C3E3F-5F5B-48F5-9C4E-D129A40CE520}.Release|Any CPU.ActiveCfg = Release|Any CPU
		{247C3E3F-5F5B-48F5-9C4E-D129A40CE520}.Release|Any CPU.Build.0 = Release|Any CPU
	EndGlobalSection
	GlobalSection(SolutionProperties) = preSolution
		HideSolutionNode = FALSE
	EndGlobalSection
	GlobalSection(ExtensibilityGlobals) = postSolution
		SolutionGuid = {4C676E07-09AE-4427-8352-2D25B92629EA}
	EndGlobalSection
EndGlobal
